PODS:
  - Alamofire (4.7.1)
  - Kingfisher (4.6.4)
  - Moya (11.0.2):
    - Moya/Core (= 11.0.2)
  - Moya/Core (11.0.2):
    - Alamofire (~> 4.1)
    - Result (~> 3.0)
  - Result (3.2.4)
  - TrustKit (1.7.0)

DEPENDENCIES:
  - Kingfisher
  - Moya
  - TrustKit

SPEC REPOS:
  trunk:
    - Alamofire
    - Kingfisher
    - Moya
    - Result
    - TrustKit

SPEC CHECKSUMS:
  Alamofire: 68d7d521118d49c615a8d2214d87cdf525599d30
  Kingfisher: 68498a706e46c2a050b0c9572f100e5db407f6e0
  Moya: a725035953bc1c0eb1be505ab903984501d82440
  Result: d2d07204ce72856f1fd9130bbe42c35a7b0fea10
  TrustKit: dac38bb37e49bdfeca41b1a19d020da38017b51c

PODFILE CHECKSUM: 2da4f4193b3a8a2063beaa17cc34f9d780ffb375

COCOAPODS: 1.10.1
